
Microsoft Visual Studio Solution File, Format Version 12.00
# Visual Studio Version 16
VisualStudioVersion = 16.0.31424.327
MinimumVisualStudioVersion = 10.0.40219.1
Project("{FAE04EC0-301F-11D3-BF4B-00C04F79EFBC}") = "AppCadastro", "AppCadastro.csproj", "{E9CE1619-F6FD-4865-806E-925F6BBB37F2}"
EndProject
Project("{2150E333-8FDC-42A3-9474-1A3956D46DE8}") = "Solution Items", "Solution Items", "{9E352CDD-3B2B-466C-A14F-1BF27F25242D}"
	ProjectSection(SolutionItems) = preProject
		.editorconfig = .editorconfig
	EndProjectSection
EndProject
Global
	GlobalSection(SolutionConfigurationPlatforms) = preSolution
		Debug|Any CPU = Debug|Any CPU
		Release|Any CPU = Release|Any CPU
	EndGlobalSection
	GlobalSection(ProjectConfigurationPlatforms) = postSolution
		{E9CE1619-F6FD-4865-806E-925F6BBB37F2}.Debug|Any CPU.ActiveCfg = Debug|Any CPU
		{E9CE1619-F6FD-4865-806E-925F6BBB37F2}.Debug|Any CPU.Build.0 = Debug|Any CPU
		{E9CE1619-F6FD-4865-806E-925F6BBB37F2}.Release|Any CPU.ActiveCfg = Release|Any CPU
		{E9CE1619-F6FD-4865-806E-925F6BBB37F2}.Release|Any CPU.Build.0 = Release|Any CPU
	EndGlobalSection
	GlobalSection(SolutionProperties) = preSolution
		HideSolutionNode = FALSE
	EndGlobalSection
	GlobalSection(ExtensibilityGlobals) = postSolution
		SolutionGuid = {FA9A07EA-0DEC-4E92-B8F0-5AF3B09E9B30}
	EndGlobalSection
EndGlobal
